
Microsoft Visual Studio Solution File, Format Version 12.00
# Visual Studio 15
VisualStudioVersion = 15.0.27130.2024
MinimumVisualStudioVersion = 10.0.40219.1
Project("{FAE04EC0-301F-11D3-BF4B-00C04F79EFBC}") = "WebApplication8", "WebApplication8\WebApplication8.csproj", "{D9106AAF-4E1A-41A1-997B-EE164DC7CD07}"
EndProject
Global
	GlobalSection(SolutionConfigurationPlatforms) = preSolution
		Debug|Any CPU = Debug|Any CPU
		Release|Any CPU = Release|Any CPU
	EndGlobalSection
	GlobalSection(ProjectConfigurationPlatforms) = postSolution
		{D9106AAF-4E1A-41A1-997B-EE164DC7CD07}.Debug|Any CPU.ActiveCfg = Debug|Any CPU
		{D9106AAF-4E1A-41A1-997B-EE164DC7CD07}.Debug|Any CPU.Build.0 = Debug|Any CPU
		{D9106AAF-4E1A-41A1-997B-EE164DC7CD07}.Release|Any CPU.ActiveCfg = Release|Any CPU
		{D9106AAF-4E1A-41A1-997B-EE164DC7CD07}.Release|Any CPU.Build.0 = Release|Any CPU
	EndGlobalSection
	GlobalSection(SolutionProperties) = preSolution
		HideSolutionNode = FALSE
	EndGlobalSection
	GlobalSection(ExtensibilityGlobals) = postSolution
		SolutionGuid = {05BD17E5-9F59-4208-835E-F2E708ED7292}
	EndGlobalSection
EndGlobal
